
Microsoft Visual Studio Solution File, Format Version 12.00
# Visual Studio 2013
VisualStudioVersion = 12.0.31101.0
MinimumVisualStudioVersion = 10.0.40219.1
Project("{FAE04EC0-301F-11D3-BF4B-00C04F79EFBC}") = "SolarWindDemo", "SolarWindDemo\SolarWindDemo.csproj", "{3CACFBDC-7912-4E17-BF49-1D1A380A8510}"
EndProject
Project("{FAE04EC0-301F-11D3-BF4B-00C04F79EFBC}") = "SolarWindDemo.Web", "SolarWindDemo.Web\SolarWindDemo.Web.csproj", "{4A41BDF1-7D7D-46E5-BDC1-7C07BB3BDDC9}"
EndProject
Project("{FAE04EC0-301F-11D3-BF4B-00C04F79EFBC}") = "SolarWindDemo.Mvc", "SolarWindDemo.Mvc\SolarWindDemo.Mvc.csproj", "{0DD53891-D4D6-4699-B559-594B490E55AE}"
EndProject
Project("{2150E333-8FDC-42A3-9474-1A3956D46DE8}") = ".nuget", ".nuget", "{3662A4E5-B019-4D2F-9B09-6C5FC825DCD0}"
	ProjectSection(SolutionItems) = preProject
		.nuget\NuGet.Config = .nuget\NuGet.Config
		.nuget\NuGet.exe = .nuget\NuGet.exe
		.nuget\NuGet.targets = .nuget\NuGet.targets
	EndProjectSection
EndProject
Global
	GlobalSection(SolutionConfigurationPlatforms) = preSolution
		Debug|Any CPU = Debug|Any CPU
		Release|Any CPU = Release|Any CPU
	EndGlobalSection
	GlobalSection(ProjectConfigurationPlatforms) = postSolution
		{3CACFBDC-7912-4E17-BF49-1D1A380A8510}.Debug|Any CPU.ActiveCfg = Debug|Any CPU
		{3CACFBDC-7912-4E17-BF49-1D1A380A8510}.Debug|Any CPU.Build.0 = Debug|Any CPU
		{3CACFBDC-7912-4E17-BF49-1D1A380A8510}.Release|Any CPU.ActiveCfg = Release|Any CPU
		{3CACFBDC-7912-4E17-BF49-1D1A380A8510}.Release|Any CPU.Build.0 = Release|Any CPU
		{4A41BDF1-7D7D-46E5-BDC1-7C07BB3BDDC9}.Debug|Any CPU.ActiveCfg = Debug|Any CPU
		{4A41BDF1-7D7D-46E5-BDC1-7C07BB3BDDC9}.Debug|Any CPU.Build.0 = Debug|Any CPU
		{4A41BDF1-7D7D-46E5-BDC1-7C07BB3BDDC9}.Release|Any CPU.ActiveCfg = Release|Any CPU
		{4A41BDF1-7D7D-46E5-BDC1-7C07BB3BDDC9}.Release|Any CPU.Build.0 = Release|Any CPU
		{0DD53891-D4D6-4699-B559-594B490E55AE}.Debug|Any CPU.ActiveCfg = Debug|Any CPU
		{0DD53891-D4D6-4699-B559-594B490E55AE}.Debug|Any CPU.Build.0 = Debug|Any CPU
		{0DD53891-D4D6-4699-B559-594B490E55AE}.Release|Any CPU.ActiveCfg = Release|Any CPU
		{0DD53891-D4D6-4699-B559-594B490E55AE}.Release|Any CPU.Build.0 = Release|Any CPU
	EndGlobalSection
	GlobalSection(SolutionProperties) = preSolution
		HideSolutionNode = FALSE
	EndGlobalSection
EndGlobal
